
Microsoft Visual Studio Solution File, Format Version 12.00
# Visual Studio Version 16
VisualStudioVersion = 16.0.30413.136
MinimumVisualStudioVersion = 10.0.40219.1
Project("{FAE04EC0-301F-11D3-BF4B-00C04F79EFBC}") = "spst-task-php", "spst-task-php.csproj", "{C48BBB3F-EAF6-4B8E-9069-2A82511810DD}"
EndProject
Global
	GlobalSection(SolutionConfigurationPlatforms) = preSolution
		Debug|Any CPU = Debug|Any CPU
		Release|Any CPU = Release|Any CPU
	EndGlobalSection
	GlobalSection(ProjectConfigurationPlatforms) = postSolution
		{C48BBB3F-EAF6-4B8E-9069-2A82511810DD}.Debug|Any CPU.ActiveCfg = Debug|Any CPU
		{C48BBB3F-EAF6-4B8E-9069-2A82511810DD}.Debug|Any CPU.Build.0 = Debug|Any CPU
		{C48BBB3F-EAF6-4B8E-9069-2A82511810DD}.Release|Any CPU.ActiveCfg = Release|Any CPU
		{C48BBB3F-EAF6-4B8E-9069-2A82511810DD}.Release|Any CPU.Build.0 = Release|Any CPU
	EndGlobalSection
	GlobalSection(SolutionProperties) = preSolution
		HideSolutionNode = FALSE
	EndGlobalSection
	GlobalSection(ExtensibilityGlobals) = postSolution
		SolutionGuid = {ECC39BAB-C156-4A1A-92F8-9D1D9A6F6A70}
	EndGlobalSection
EndGlobal
